
Microsoft Visual Studio Solution File, Format Version 12.00
# Visual Studio Version 17
VisualStudioVersion = 17.0.32112.339
MinimumVisualStudioVersion = 10.0.40219.1
Project("{9A19103F-16F7-4668-BE54-9A1E7A4F7556}") = "API", "src\API\API.csproj", "{1804EBC6-A5FE-4CD2-8125-5CF008DCA583}"
EndProject
Project("{9A19103F-16F7-4668-BE54-9A1E7A4F7556}") = "Application", "src\Application\Application.csproj", "{5F1C9571-A89F-4B69-BBEC-EA2DDC5C0D9B}"
EndProject
Project("{9A19103F-16F7-4668-BE54-9A1E7A4F7556}") = "Domain", "src\Domain\Domain.csproj", "{873CE48F-F41D-40E0-AAFD-80C46471FDA1}"
EndProject
Project("{9A19103F-16F7-4668-BE54-9A1E7A4F7556}") = "Infrastructure", "src\Infrastructure\Infrastructure.csproj", "{18F0927F-85D8-4223-ABE9-29313EBE8663}"
EndProject
Project("{2150E333-8FDC-42A3-9474-1A3956D46DE8}") = "src", "src", "{8AB8F84E-29A6-40DB-AACC-112F504A35B8}"
EndProject
Project("{2150E333-8FDC-42A3-9474-1A3956D46DE8}") = "tests", "tests", "{31BADF3C-178A-4BEB-AE35-A616F210C09C}"
EndProject
Project("{9A19103F-16F7-4668-BE54-9A1E7A4F7556}") = "Application.UnitTests", "tests\Application.UnitTests\Application.UnitTests.csproj", "{CC983E73-3723-47FB-AABD-BA2B1E3E8C78}"
EndProject
Project("{9A19103F-16F7-4668-BE54-9A1E7A4F7556}") = "Domain.UnitTests", "tests\Domain.UnitTests\Domain.UnitTests.csproj", "{E051CAAA-C753-43E3-BB3C-1BA9FBBF38E0}"
EndProject
Global
	GlobalSection(SolutionConfigurationPlatforms) = preSolution
		Debug|Any CPU = Debug|Any CPU
		Release|Any CPU = Release|Any CPU
	EndGlobalSection
	GlobalSection(ProjectConfigurationPlatforms) = postSolution
		{1804EBC6-A5FE-4CD2-8125-5CF008DCA583}.Debug|Any CPU.ActiveCfg = Debug|Any CPU
		{1804EBC6-A5FE-4CD2-8125-5CF008DCA583}.Debug|Any CPU.Build.0 = Debug|Any CPU
		{1804EBC6-A5FE-4CD2-8125-5CF008DCA583}.Release|Any CPU.ActiveCfg = Release|Any CPU
		{1804EBC6-A5FE-4CD2-8125-5CF008DCA583}.Release|Any CPU.Build.0 = Release|Any CPU
		{5F1C9571-A89F-4B69-BBEC-EA2DDC5C0D9B}.Debug|Any CPU.ActiveCfg = Debug|Any CPU
		{5F1C9571-A89F-4B69-BBEC-EA2DDC5C0D9B}.Debug|Any CPU.Build.0 = Debug|Any CPU
		{5F1C9571-A89F-4B69-BBEC-EA2DDC5C0D9B}.Release|Any CPU.ActiveCfg = Release|Any CPU
		{5F1C9571-A89F-4B69-BBEC-EA2DDC5C0D9B}.Release|Any CPU.Build.0 = Release|Any CPU
		{873CE48F-F41D-40E0-AAFD-80C46471FDA1}.Debug|Any CPU.ActiveCfg = Debug|Any CPU
		{873CE48F-F41D-40E0-AAFD-80C46471FDA1}.Debug|Any CPU.Build.0 = Debug|Any CPU
		{873CE48F-F41D-40E0-AAFD-80C46471FDA1}.Release|Any CPU.ActiveCfg = Release|Any CPU
		{873CE48F-F41D-40E0-AAFD-80C46471FDA1}.Release|Any CPU.Build.0 = Release|Any CPU
		{18F0927F-85D8-4223-ABE9-29313EBE8663}.Debug|Any CPU.ActiveCfg = Debug|Any CPU
		{18F0927F-85D8-4223-ABE9-29313EBE8663}.Debug|Any CPU.Build.0 = Debug|Any CPU
		{18F0927F-85D8-4223-ABE9-29313EBE8663}.Release|Any CPU.ActiveCfg = Release|Any CPU
		{18F0927F-85D8-4223-ABE9-29313EBE8663}.Release|Any CPU.Build.0 = Release|Any CPU
		{CC983E73-3723-47FB-AABD-BA2B1E3E8C78}.Debug|Any CPU.ActiveCfg = Debug|Any CPU
		{CC983E73-3723-47FB-AABD-BA2B1E3E8C78}.Debug|Any CPU.Build.0 = Debug|Any CPU
		{CC983E73-3723-47FB-AABD-BA2B1E3E8C78}.Release|Any CPU.ActiveCfg = Release|Any CPU
		{CC983E73-3723-47FB-AABD-BA2B1E3E8C78}.Release|Any CPU.Build.0 = Release|Any CPU
		{E051CAAA-C753-43E3-BB3C-1BA9FBBF38E0}.Debug|Any CPU.ActiveCfg = Debug|Any CPU
		{E051CAAA-C753-43E3-BB3C-1BA9FBBF38E0}.Debug|Any CPU.Build.0 = Debug|Any CPU
		{E051CAAA-C753-43E3-BB3C-1BA9FBBF38E0}.Release|Any CPU.ActiveCfg = Release|Any CPU
		{E051CAAA-C753-43E3-BB3C-1BA9FBBF38E0}.Release|Any CPU.Build.0 = Release|Any CPU
	EndGlobalSection
	GlobalSection(SolutionProperties) = preSolution
		HideSolutionNode = FALSE
	EndGlobalSection
	GlobalSection(NestedProjects) = preSolution
		{1804EBC6-A5FE-4CD2-8125-5CF008DCA583} = {8AB8F84E-29A6-40DB-AACC-112F504A35B8}
		{5F1C9571-A89F-4B69-BBEC-EA2DDC5C0D9B} = {8AB8F84E-29A6-40DB-AACC-112F504A35B8}
		{873CE48F-F41D-40E0-AAFD-80C46471FDA1} = {8AB8F84E-29A6-40DB-AACC-112F504A35B8}
		{18F0927F-85D8-4223-ABE9-29313EBE8663} = {8AB8F84E-29A6-40DB-AACC-112F504A35B8}
		{CC983E73-3723-47FB-AABD-BA2B1E3E8C78} = {31BADF3C-178A-4BEB-AE35-A616F210C09C}
		{E051CAAA-C753-43E3-BB3C-1BA9FBBF38E0} = {31BADF3C-178A-4BEB-AE35-A616F210C09C}
	EndGlobalSection
	GlobalSection(ExtensibilityGlobals) = postSolution
		SolutionGuid = {22550310-3221-4874-B7F3-D1859DC082F9}
	EndGlobalSection
EndGlobal
