
Microsoft Visual Studio Solution File, Format Version 12.00
# Visual Studio Version 17
VisualStudioVersion = 17.0.32112.339
MinimumVisualStudioVersion = 10.0.40219.1
Project("{9A19103F-16F7-4668-BE54-9A1E7A4F7556}") = "API", "API\API.csproj", "{956E165A-4DB9-4807-8AFC-870D29375E00}"
EndProject
Project("{9A19103F-16F7-4668-BE54-9A1E7A4F7556}") = "Application", "Application\Application.csproj", "{99557F37-A0DE-4E5E-9094-3821BAFF53C6}"
EndProject
Project("{9A19103F-16F7-4668-BE54-9A1E7A4F7556}") = "Persistence", "Persistance\Persistence.csproj", "{C9F29A24-71C3-42F9-8D77-FB5BDCDEE71A}"
EndProject
Project("{9A19103F-16F7-4668-BE54-9A1E7A4F7556}") = "Domain", "Domain\Domain.csproj", "{116F32CC-C2DF-41F5-A9FC-5EEACF836D6C}"
EndProject
Project("{54A90642-561A-4BB1-A94E-469ADEE60C69}") = "web-app", "web-app\web-app.esproj", "{96DE92E9-8DF7-4E6C-A8D4-B3FAD3438982}"
EndProject
Global
	GlobalSection(SolutionConfigurationPlatforms) = preSolution
		Debug|Any CPU = Debug|Any CPU
		Release|Any CPU = Release|Any CPU
	EndGlobalSection
	GlobalSection(ProjectConfigurationPlatforms) = postSolution
		{956E165A-4DB9-4807-8AFC-870D29375E00}.Debug|Any CPU.ActiveCfg = Debug|Any CPU
		{956E165A-4DB9-4807-8AFC-870D29375E00}.Debug|Any CPU.Build.0 = Debug|Any CPU
		{956E165A-4DB9-4807-8AFC-870D29375E00}.Release|Any CPU.ActiveCfg = Release|Any CPU
		{956E165A-4DB9-4807-8AFC-870D29375E00}.Release|Any CPU.Build.0 = Release|Any CPU
		{99557F37-A0DE-4E5E-9094-3821BAFF53C6}.Debug|Any CPU.ActiveCfg = Debug|Any CPU
		{99557F37-A0DE-4E5E-9094-3821BAFF53C6}.Debug|Any CPU.Build.0 = Debug|Any CPU
		{99557F37-A0DE-4E5E-9094-3821BAFF53C6}.Release|Any CPU.ActiveCfg = Release|Any CPU
		{99557F37-A0DE-4E5E-9094-3821BAFF53C6}.Release|Any CPU.Build.0 = Release|Any CPU
		{C9F29A24-71C3-42F9-8D77-FB5BDCDEE71A}.Debug|Any CPU.ActiveCfg = Debug|Any CPU
		{C9F29A24-71C3-42F9-8D77-FB5BDCDEE71A}.Debug|Any CPU.Build.0 = Debug|Any CPU
		{C9F29A24-71C3-42F9-8D77-FB5BDCDEE71A}.Release|Any CPU.ActiveCfg = Release|Any CPU
		{C9F29A24-71C3-42F9-8D77-FB5BDCDEE71A}.Release|Any CPU.Build.0 = Release|Any CPU
		{116F32CC-C2DF-41F5-A9FC-5EEACF836D6C}.Debug|Any CPU.ActiveCfg = Debug|Any CPU
		{116F32CC-C2DF-41F5-A9FC-5EEACF836D6C}.Debug|Any CPU.Build.0 = Debug|Any CPU
		{116F32CC-C2DF-41F5-A9FC-5EEACF836D6C}.Release|Any CPU.ActiveCfg = Release|Any CPU
		{116F32CC-C2DF-41F5-A9FC-5EEACF836D6C}.Release|Any CPU.Build.0 = Release|Any CPU
		{96DE92E9-8DF7-4E6C-A8D4-B3FAD3438982}.Debug|Any CPU.ActiveCfg = Debug|Any CPU
		{96DE92E9-8DF7-4E6C-A8D4-B3FAD3438982}.Debug|Any CPU.Build.0 = Debug|Any CPU
		{96DE92E9-8DF7-4E6C-A8D4-B3FAD3438982}.Debug|Any CPU.Deploy.0 = Debug|Any CPU
		{96DE92E9-8DF7-4E6C-A8D4-B3FAD3438982}.Release|Any CPU.ActiveCfg = Release|Any CPU
		{96DE92E9-8DF7-4E6C-A8D4-B3FAD3438982}.Release|Any CPU.Build.0 = Release|Any CPU
		{96DE92E9-8DF7-4E6C-A8D4-B3FAD3438982}.Release|Any CPU.Deploy.0 = Release|Any CPU
	EndGlobalSection
	GlobalSection(SolutionProperties) = preSolution
		HideSolutionNode = FALSE
	EndGlobalSection
	GlobalSection(ExtensibilityGlobals) = postSolution
		SolutionGuid = {22550310-3221-4874-B7F3-D1859DC082F9}
	EndGlobalSection
EndGlobal
