
Microsoft Visual Studio Solution File, Format Version 12.00
# Visual Studio Version 17
VisualStudioVersion = 17.0.32112.339
MinimumVisualStudioVersion = 10.0.40219.1
Project("{9A19103F-16F7-4668-BE54-9A1E7A4F7556}") = "API", "API\API.csproj", "{956E165A-4DB9-4807-8AFC-870D29375E00}"
EndProject
Project("{9A19103F-16F7-4668-BE54-9A1E7A4F7556}") = "Application", "Application\Application.csproj", "{99557F37-A0DE-4E5E-9094-3821BAFF53C6}"
EndProject
Project("{9A19103F-16F7-4668-BE54-9A1E7A4F7556}") = "Domain", "Domain\Domain.csproj", "{116F32CC-C2DF-41F5-A9FC-5EEACF836D6C}"
EndProject
Project("{9A19103F-16F7-4668-BE54-9A1E7A4F7556}") = "Infrastructure", "Infrastructure\Infrastructure.csproj", "{B52D0D15-4107-414B-BBB9-1E9EE6EE75C3}"
EndProject
Project("{FAE04EC0-301F-11D3-BF4B-00C04F79EFBC}") = "Application.UnitTests", "Application.UnitTests\Application.UnitTests.csproj", "{B7AF670C-683F-45E2-8FFE-41819F885EF1}"
EndProject
Project("{FAE04EC0-301F-11D3-BF4B-00C04F79EFBC}") = "Domain.UnitTests", "Domain.UnitTests\Domain.UnitTests.csproj", "{E653E4DE-B309-40F2-94E4-F45AB9964948}"
EndProject
Project("{2150E333-8FDC-42A3-9474-1A3956D46DE8}") = "src", "src", "{13F20D54-E8CD-4DE3-AE1E-14F73A188FDE}"
EndProject
Project("{2150E333-8FDC-42A3-9474-1A3956D46DE8}") = "tests", "tests", "{8F909733-8283-4BA6-836D-F034F3A17F7B}"
EndProject
Global
	GlobalSection(SolutionConfigurationPlatforms) = preSolution
		Debug|Any CPU = Debug|Any CPU
		Release|Any CPU = Release|Any CPU
	EndGlobalSection
	GlobalSection(ProjectConfigurationPlatforms) = postSolution
		{956E165A-4DB9-4807-8AFC-870D29375E00}.Debug|Any CPU.ActiveCfg = Debug|Any CPU
		{956E165A-4DB9-4807-8AFC-870D29375E00}.Debug|Any CPU.Build.0 = Debug|Any CPU
		{956E165A-4DB9-4807-8AFC-870D29375E00}.Release|Any CPU.ActiveCfg = Release|Any CPU
		{956E165A-4DB9-4807-8AFC-870D29375E00}.Release|Any CPU.Build.0 = Release|Any CPU
		{99557F37-A0DE-4E5E-9094-3821BAFF53C6}.Debug|Any CPU.ActiveCfg = Debug|Any CPU
		{99557F37-A0DE-4E5E-9094-3821BAFF53C6}.Debug|Any CPU.Build.0 = Debug|Any CPU
		{99557F37-A0DE-4E5E-9094-3821BAFF53C6}.Release|Any CPU.ActiveCfg = Release|Any CPU
		{99557F37-A0DE-4E5E-9094-3821BAFF53C6}.Release|Any CPU.Build.0 = Release|Any CPU
		{116F32CC-C2DF-41F5-A9FC-5EEACF836D6C}.Debug|Any CPU.ActiveCfg = Debug|Any CPU
		{116F32CC-C2DF-41F5-A9FC-5EEACF836D6C}.Debug|Any CPU.Build.0 = Debug|Any CPU
		{116F32CC-C2DF-41F5-A9FC-5EEACF836D6C}.Release|Any CPU.ActiveCfg = Release|Any CPU
		{116F32CC-C2DF-41F5-A9FC-5EEACF836D6C}.Release|Any CPU.Build.0 = Release|Any CPU
		{B52D0D15-4107-414B-BBB9-1E9EE6EE75C3}.Debug|Any CPU.ActiveCfg = Debug|Any CPU
		{B52D0D15-4107-414B-BBB9-1E9EE6EE75C3}.Debug|Any CPU.Build.0 = Debug|Any CPU
		{B52D0D15-4107-414B-BBB9-1E9EE6EE75C3}.Release|Any CPU.ActiveCfg = Release|Any CPU
		{B52D0D15-4107-414B-BBB9-1E9EE6EE75C3}.Release|Any CPU.Build.0 = Release|Any CPU
		{B7AF670C-683F-45E2-8FFE-41819F885EF1}.Debug|Any CPU.ActiveCfg = Debug|Any CPU
		{B7AF670C-683F-45E2-8FFE-41819F885EF1}.Debug|Any CPU.Build.0 = Debug|Any CPU
		{B7AF670C-683F-45E2-8FFE-41819F885EF1}.Release|Any CPU.ActiveCfg = Release|Any CPU
		{B7AF670C-683F-45E2-8FFE-41819F885EF1}.Release|Any CPU.Build.0 = Release|Any CPU
		{E653E4DE-B309-40F2-94E4-F45AB9964948}.Debug|Any CPU.ActiveCfg = Debug|Any CPU
		{E653E4DE-B309-40F2-94E4-F45AB9964948}.Debug|Any CPU.Build.0 = Debug|Any CPU
		{E653E4DE-B309-40F2-94E4-F45AB9964948}.Release|Any CPU.ActiveCfg = Release|Any CPU
		{E653E4DE-B309-40F2-94E4-F45AB9964948}.Release|Any CPU.Build.0 = Release|Any CPU
	EndGlobalSection
	GlobalSection(SolutionProperties) = preSolution
		HideSolutionNode = FALSE
	EndGlobalSection
	GlobalSection(NestedProjects) = preSolution
		{956E165A-4DB9-4807-8AFC-870D29375E00} = {13F20D54-E8CD-4DE3-AE1E-14F73A188FDE}
		{99557F37-A0DE-4E5E-9094-3821BAFF53C6} = {13F20D54-E8CD-4DE3-AE1E-14F73A188FDE}
		{116F32CC-C2DF-41F5-A9FC-5EEACF836D6C} = {13F20D54-E8CD-4DE3-AE1E-14F73A188FDE}
		{B52D0D15-4107-414B-BBB9-1E9EE6EE75C3} = {13F20D54-E8CD-4DE3-AE1E-14F73A188FDE}
		{B7AF670C-683F-45E2-8FFE-41819F885EF1} = {8F909733-8283-4BA6-836D-F034F3A17F7B}
		{E653E4DE-B309-40F2-94E4-F45AB9964948} = {8F909733-8283-4BA6-836D-F034F3A17F7B}
	EndGlobalSection
	GlobalSection(ExtensibilityGlobals) = postSolution
		SolutionGuid = {22550310-3221-4874-B7F3-D1859DC082F9}
	EndGlobalSection
EndGlobal
